
Microsoft Visual Studio Solution File, Format Version 12.00
# Visual Studio Version 16
VisualStudioVersion = 16.0.30114.105
MinimumVisualStudioVersion = 10.0.40219.1
Project("{9A19103F-16F7-4668-BE54-9A1E7A4F7556}") = "DesignPatterns", "DesignPatterns\DesignPatterns.csproj", "{0F823E24-A67F-4180-89F0-A153E91E8845}"
EndProject
Project("{FAE04EC0-301F-11D3-BF4B-00C04F79EFBC}") = "DesignPatterns.Tests", "DesignPatterns.Tests\DesignPatterns.Tests.csproj", "{8EBB235B-B85B-48F2-A570-16EC68C7009C}"
EndProject
Global
	GlobalSection(SolutionConfigurationPlatforms) = preSolution
		Debug|Any CPU = Debug|Any CPU
		Release|Any CPU = Release|Any CPU
	EndGlobalSection
	GlobalSection(ProjectConfigurationPlatforms) = postSolution
		{0F823E24-A67F-4180-89F0-A153E91E8845}.Debug|Any CPU.ActiveCfg = Debug|Any CPU
		{0F823E24-A67F-4180-89F0-A153E91E8845}.Debug|Any CPU.Build.0 = Debug|Any CPU
		{0F823E24-A67F-4180-89F0-A153E91E8845}.Release|Any CPU.ActiveCfg = Release|Any CPU
		{0F823E24-A67F-4180-89F0-A153E91E8845}.Release|Any CPU.Build.0 = Release|Any CPU
		{8EBB235B-B85B-48F2-A570-16EC68C7009C}.Debug|Any CPU.ActiveCfg = Debug|Any CPU
		{8EBB235B-B85B-48F2-A570-16EC68C7009C}.Debug|Any CPU.Build.0 = Debug|Any CPU
		{8EBB235B-B85B-48F2-A570-16EC68C7009C}.Release|Any CPU.ActiveCfg = Release|Any CPU
		{8EBB235B-B85B-48F2-A570-16EC68C7009C}.Release|Any CPU.Build.0 = Release|Any CPU
	EndGlobalSection
	GlobalSection(SolutionProperties) = preSolution
		HideSolutionNode = FALSE
	EndGlobalSection
	GlobalSection(ExtensibilityGlobals) = postSolution
		SolutionGuid = {20333C01-B647-4FC0-932F-3611663DAB8B}
	EndGlobalSection
EndGlobal
